// !$*UTF8*$!
{
	archiveVersion = 1;
	classes = {
	};
	objectVersion = 50;
	objects = {

/* Begin PBXBuildFile section */
		181B68E022A2B102000C5950 /* AppDelegate.swift in Sources */ = {isa = PBXBuildFile; fileRef = 181B68DF22A2B102000C5950 /* AppDelegate.swift */; };
		181B68E222A2B102000C5950 /* ViewController.swift in Sources */ = {isa = PBXBuildFile; fileRef = 181B68E122A2B102000C5950 /* ViewController.swift */; };
		181B68E522A2B102000C5950 /* Main.storyboard in Resources */ = {isa = PBXBuildFile; fileRef = 181B68E322A2B102000C5950 /* Main.storyboard */; };
		181B68E722A2B112000C5950 /* Assets.xcassets in Resources */ = {isa = PBXBuildFile; fileRef = 181B68E622A2B112000C5950 /* Assets.xcassets */; };
		181B68EA22A2B112000C5950 /* LaunchScreen.storyboard in Resources */ = {isa = PBXBuildFile; fileRef = 181B68E822A2B112000C5950 /* LaunchScreen.storyboard */; };
		181B68F322A2B1A5000C5950 /* APIManager.swift in Sources */ = {isa = PBXBuildFile; fileRef = 181B68F222A2B1A5000C5950 /* APIManager.swift */; };
		181B68F522A2B1D6000C5950 /* APIHelper.swift in Sources */ = {isa = PBXBuildFile; fileRef = 181B68F422A2B1D6000C5950 /* APIHelper.swift */; };
		181B68F722A2B210000C5950 /* APIContacts.swift in Sources */ = {isa = PBXBuildFile; fileRef = 181B68F622A2B210000C5950 /* APIContacts.swift */; };
		181B68FC22A2D478000C5950 /* ContactViewModel.swift in Sources */ = {isa = PBXBuildFile; fileRef = 181B68FB22A2D478000C5950 /* ContactViewModel.swift */; };
		181B68FF22A2D530000C5950 /* Contacts.swift in Sources */ = {isa = PBXBuildFile; fileRef = 181B68FE22A2D530000C5950 /* Contacts.swift */; };
		181B690122A2D9ED000C5950 /* ContactDetail.swift in Sources */ = {isa = PBXBuildFile; fileRef = 181B690022A2D9ED000C5950 /* ContactDetail.swift */; };
		181B690322A2E829000C5950 /* ContactTableViewCell.swift in Sources */ = {isa = PBXBuildFile; fileRef = 181B690222A2E829000C5950 /* ContactTableViewCell.swift */; };
		18D9996822A2FACE001E5E3C /* Constants.swift in Sources */ = {isa = PBXBuildFile; fileRef = 18D9996722A2FACE001E5E3C /* Constants.swift */; };
		18D9996A22A2FCC7001E5E3C /* EditViewController.swift in Sources */ = {isa = PBXBuildFile; fileRef = 18D9996922A2FCC7001E5E3C /* EditViewController.swift */; };
		18D9996C22A2FD0A001E5E3C /* Storyboards.swift in Sources */ = {isa = PBXBuildFile; fileRef = 18D9996B22A2FD0A001E5E3C /* Storyboards.swift */; };
		18D9996E22A30592001E5E3C /* ContactDetailViewController.swift in Sources */ = {isa = PBXBuildFile; fileRef = 18D9996D22A30592001E5E3C /* ContactDetailViewController.swift */; };
		18D9997022A31A4E001E5E3C /* ContactDetailViewModel.swift in Sources */ = {isa = PBXBuildFile; fileRef = 18D9996F22A31A4E001E5E3C /* ContactDetailViewModel.swift */; };
/* End PBXBuildFile section */

/* Begin PBXFileReference section */
		181B68DC22A2B102000C5950 /* EasyContact.app */ = {isa = PBXFileReference; explicitFileType = wrapper.application; includeInIndex = 0; path = EasyContact.app; sourceTree = BUILT_PRODUCTS_DIR; };
		181B68DF22A2B102000C5950 /* AppDelegate.swift */ = {isa = PBXFileReference; lastKnownFileType = sourcecode.swift; path = AppDelegate.swift; sourceTree = "<group>"; };
		181B68E122A2B102000C5950 /* ViewController.swift */ = {isa = PBXFileReference; lastKnownFileType = sourcecode.swift; path = ViewController.swift; sourceTree = "<group>"; };
		181B68E422A2B102000C5950 /* Base */ = {isa = PBXFileReference; lastKnownFileType = file.storyboard; name = Base; path = Base.lproj/Main.storyboard; sourceTree = "<group>"; };
		181B68E622A2B112000C5950 /* Assets.xcassets */ = {isa = PBXFileReference; lastKnownFileType = folder.assetcatalog; path = Assets.xcassets; sourceTree = "<group>"; };
		181B68E922A2B112000C5950 /* Base */ = {isa = PBXFileReference; lastKnownFileType = file.storyboard; name = Base; path = Base.lproj/LaunchScreen.storyboard; sourceTree = "<group>"; };
		181B68EB22A2B112000C5950 /* Info.plist */ = {isa = PBXFileReference; lastKnownFileType = text.plist.xml; path = Info.plist; sourceTree = "<group>"; };
		181B68F222A2B1A5000C5950 /* APIManager.swift */ = {isa = PBXFileReference; lastKnownFileType = sourcecode.swift; path = APIManager.swift; sourceTree = "<group>"; };
		181B68F422A2B1D6000C5950 /* APIHelper.swift */ = {isa = PBXFileReference; lastKnownFileType = sourcecode.swift; path = APIHelper.swift; sourceTree = "<group>"; };
		181B68F622A2B210000C5950 /* APIContacts.swift */ = {isa = PBXFileReference; lastKnownFileType = sourcecode.swift; path = APIContacts.swift; sourceTree = "<group>"; };
		181B68FB22A2D478000C5950 /* ContactViewModel.swift */ = {isa = PBXFileReference; lastKnownFileType = sourcecode.swift; path = ContactViewModel.swift; sourceTree = "<group>"; };
		181B68FE22A2D530000C5950 /* Contacts.swift */ = {isa = PBXFileReference; lastKnownFileType = sourcecode.swift; path = Contacts.swift; sourceTree = "<group>"; };
		181B690022A2D9ED000C5950 /* ContactDetail.swift */ = {isa = PBXFileReference; lastKnownFileType = sourcecode.swift; path = ContactDetail.swift; sourceTree = "<group>"; };
		181B690222A2E829000C5950 /* ContactTableViewCell.swift */ = {isa = PBXFileReference; lastKnownFileType = sourcecode.swift; path = ContactTableViewCell.swift; sourceTree = "<group>"; };
		18D9996722A2FACE001E5E3C /* Constants.swift */ = {isa = PBXFileReference; lastKnownFileType = sourcecode.swift; path = Constants.swift; sourceTree = "<group>"; };
		18D9996922A2FCC7001E5E3C /* EditViewController.swift */ = {isa = PBXFileReference; lastKnownFileType = sourcecode.swift; path = EditViewController.swift; sourceTree = "<group>"; };
		18D9996B22A2FD0A001E5E3C /* Storyboards.swift */ = {isa = PBXFileReference; lastKnownFileType = sourcecode.swift; path = Storyboards.swift; sourceTree = "<group>"; };
		18D9996D22A30592001E5E3C /* ContactDetailViewController.swift */ = {isa = PBXFileReference; lastKnownFileType = sourcecode.swift; path = ContactDetailViewController.swift; sourceTree = "<group>"; };
		18D9996F22A31A4E001E5E3C /* ContactDetailViewModel.swift */ = {isa = PBXFileReference; lastKnownFileType = sourcecode.swift; path = ContactDetailViewModel.swift; sourceTree = "<group>"; };
/* End PBXFileReference section */

/* Begin PBXFrameworksBuildPhase section */
		181B68D922A2B102000C5950 /* Frameworks */ = {
			isa = PBXFrameworksBuildPhase;
			buildActionMask = 2147483647;
			files = (
			);
			runOnlyForDeploymentPostprocessing = 0;
		};
/* End PBXFrameworksBuildPhase section */

/* Begin PBXGroup section */
		181B68D322A2B102000C5950 = {
			isa = PBXGroup;
			children = (
				181B68DE22A2B102000C5950 /* EasyContact */,
				181B68DD22A2B102000C5950 /* Products */,
			);
			sourceTree = "<group>";
		};
		181B68DD22A2B102000C5950 /* Products */ = {
			isa = PBXGroup;
			children = (
				181B68DC22A2B102000C5950 /* EasyContact.app */,
			);
			name = Products;
			sourceTree = "<group>";
		};
		181B68DE22A2B102000C5950 /* EasyContact */ = {
			isa = PBXGroup;
			children = (
				18D9996622A2FAA0001E5E3C /* Utilities */,
				181B68FD22A2D512000C5950 /* Model */,
				181B68FA22A2D430000C5950 /* ViewModel */,
				181B68F922A2D417000C5950 /* View */,
				181B68F822A2D3DE000C5950 /* Resources */,
				181B68F122A2B190000C5950 /* API */,
				181B68E822A2B112000C5950 /* LaunchScreen.storyboard */,
				181B68EB22A2B112000C5950 /* Info.plist */,
			);
			path = EasyContact;
			sourceTree = "<group>";
		};
		181B68F122A2B190000C5950 /* API */ = {
			isa = PBXGroup;
			children = (
				181B68F222A2B1A5000C5950 /* APIManager.swift */,
				181B68F422A2B1D6000C5950 /* APIHelper.swift */,
				181B68F622A2B210000C5950 /* APIContacts.swift */,
			);
			path = API;
			sourceTree = "<group>";
		};
		181B68F822A2D3DE000C5950 /* Resources */ = {
			isa = PBXGroup;
			children = (
				181B68E622A2B112000C5950 /* Assets.xcassets */,
			);
			path = Resources;
			sourceTree = "<group>";
		};
		181B68F922A2D417000C5950 /* View */ = {
			isa = PBXGroup;
			children = (
				181B68DF22A2B102000C5950 /* AppDelegate.swift */,
				181B68E122A2B102000C5950 /* ViewController.swift */,
				181B68E322A2B102000C5950 /* Main.storyboard */,
				181B690222A2E829000C5950 /* ContactTableViewCell.swift */,
				18D9996922A2FCC7001E5E3C /* EditViewController.swift */,
				18D9996D22A30592001E5E3C /* ContactDetailViewController.swift */,
			);
			path = View;
			sourceTree = "<group>";
		};
		181B68FA22A2D430000C5950 /* ViewModel */ = {
			isa = PBXGroup;
			children = (
				181B68FB22A2D478000C5950 /* ContactViewModel.swift */,
				18D9996F22A31A4E001E5E3C /* ContactDetailViewModel.swift */,
			);
			path = ViewModel;
			sourceTree = "<group>";
		};
		181B68FD22A2D512000C5950 /* Model */ = {
			isa = PBXGroup;
			children = (
				181B68FE22A2D530000C5950 /* Contacts.swift */,
				181B690022A2D9ED000C5950 /* ContactDetail.swift */,
			);
			path = Model;
			sourceTree = "<group>";
		};
		18D9996622A2FAA0001E5E3C /* Utilities */ = {
			isa = PBXGroup;
			children = (
				18D9996722A2FACE001E5E3C /* Constants.swift */,
				18D9996B22A2FD0A001E5E3C /* Storyboards.swift */,
			);
			path = Utilities;
			sourceTree = "<group>";
		};
/* End PBXGroup section */

/* Begin PBXNativeTarget section */
		181B68DB22A2B102000C5950 /* EasyContact */ = {
			isa = PBXNativeTarget;
			buildConfigurationList = 181B68EE22A2B112000C5950 /* Build configuration list for PBXNativeTarget "EasyContact" */;
			buildPhases = (
				181B68D822A2B102000C5950 /* Sources */,
				181B68D922A2B102000C5950 /* Frameworks */,
				181B68DA22A2B102000C5950 /* Resources */,
			);
			buildRules = (
			);
			dependencies = (
			);
			name = EasyContact;
			productName = EasyContact;
			productReference = 181B68DC22A2B102000C5950 /* EasyContact.app */;
			productType = "com.apple.product-type.application";
		};
/* End PBXNativeTarget section */

/* Begin PBXProject section */
		181B68D422A2B102000C5950 /* Project object */ = {
			isa = PBXProject;
			attributes = {
				LastSwiftUpdateCheck = 1010;
				LastUpgradeCheck = 1010;
				ORGANIZATIONNAME = Abhinav;
				TargetAttributes = {
					181B68DB22A2B102000C5950 = {
						CreatedOnToolsVersion = 10.1;
					};
				};
			};
			buildConfigurationList = 181B68D722A2B102000C5950 /* Build configuration list for PBXProject "EasyContact" */;
			compatibilityVersion = "Xcode 9.3";
			developmentRegion = en;
			hasScannedForEncodings = 0;
			knownRegions = (
				en,
				Base,
			);
			mainGroup = 181B68D322A2B102000C5950;
			productRefGroup = 181B68DD22A2B102000C5950 /* Products */;
			projectDirPath = "";
			projectRoot = "";
			targets = (
				181B68DB22A2B102000C5950 /* EasyContact */,
			);
		};
/* End PBXProject section */

/* Begin PBXResourcesBuildPhase section */
		181B68DA22A2B102000C5950 /* Resources */ = {
			isa = PBXResourcesBuildPhase;
			buildActionMask = 2147483647;
			files = (
				181B68EA22A2B112000C5950 /* LaunchScreen.storyboard in Resources */,
				181B68E722A2B112000C5950 /* Assets.xcassets in Resources */,
				181B68E522A2B102000C5950 /* Main.storyboard in Resources */,
			);
			runOnlyForDeploymentPostprocessing = 0;
		};
/* End PBXResourcesBuildPhase section */

/* Begin PBXSourcesBuildPhase section */
		181B68D822A2B102000C5950 /* Sources */ = {
			isa = PBXSourcesBuildPhase;
			buildActionMask = 2147483647;
			files = (
				18D9996C22A2FD0A001E5E3C /* Storyboards.swift in Sources */,
				181B68F522A2B1D6000C5950 /* APIHelper.swift in Sources */,
				18D9997022A31A4E001E5E3C /* ContactDetailViewModel.swift in Sources */,
				181B68FC22A2D478000C5950 /* ContactViewModel.swift in Sources */,
				181B68F322A2B1A5000C5950 /* APIManager.swift in Sources */,
				181B68E222A2B102000C5950 /* ViewController.swift in Sources */,
				181B68F722A2B210000C5950 /* APIContacts.swift in Sources */,
				18D9996822A2FACE001E5E3C /* Constants.swift in Sources */,
				181B690122A2D9ED000C5950 /* ContactDetail.swift in Sources */,
				18D9996E22A30592001E5E3C /* ContactDetailViewController.swift in Sources */,
				181B690322A2E829000C5950 /* ContactTableViewCell.swift in Sources */,
				181B68E022A2B102000C5950 /* AppDelegate.swift in Sources */,
				18D9996A22A2FCC7001E5E3C /* EditViewController.swift in Sources */,
				181B68FF22A2D530000C5950 /* Contacts.swift in Sources */,
			);
			runOnlyForDeploymentPostprocessing = 0;
		};
/* End PBXSourcesBuildPhase section */

/* Begin PBXVariantGroup section */
		181B68E322A2B102000C5950 /* Main.storyboard */ = {
			isa = PBXVariantGroup;
			children = (
				181B68E422A2B102000C5950 /* Base */,
			);
			name = Main.storyboard;
			sourceTree = "<group>";
		};
		181B68E822A2B112000C5950 /* LaunchScreen.storyboard */ = {
			isa = PBXVariantGroup;
			children = (
				181B68E922A2B112000C5950 /* Base */,
			);
			name = LaunchScreen.storyboard;
			sourceTree = "<group>";
		};
/* End PBXVariantGroup section */

/* Begin XCBuildConfiguration section */
		181B68EC22A2B112000C5950 /* Debug */ = {
			isa = XCBuildConfiguration;
			buildSettings = {
				ALWAYS_SEARCH_USER_PATHS = NO;
				CLANG_ANALYZER_NONNULL = YES;
				CLANG_ANALYZER_NUMBER_OBJECT_CONVERSION = YES_AGGRESSIVE;
				CLANG_CXX_LANGUAGE_STANDARD = "gnu++14";
				CLANG_CXX_LIBRARY = "libc++";
				CLANG_ENABLE_MODULES = YES;
				CLANG_ENABLE_OBJC_ARC = YES;
				CLANG_ENABLE_OBJC_WEAK = YES;
				CLANG_WARN_BLOCK_CAPTURE_AUTORELEASING = YES;
				CLANG_WARN_BOOL_CONVERSION = YES;
				CLANG_WARN_COMMA = YES;
				CLANG_WARN_CONSTANT_CONVERSION = YES;
				CLANG_WARN_DEPRECATED_OBJC_IMPLEMENTATIONS = YES;
				CLANG_WARN_DIRECT_OBJC_ISA_USAGE = YES_ERROR;
				CLANG_WARN_DOCUMENTATION_COMMENTS = YES;
				CLANG_WARN_EMPTY_BODY = YES;
				CLANG_WARN_ENUM_CONVERSION = YES;
				CLANG_WARN_INFINITE_RECURSION = YES;
				CLANG_WARN_INT_CONVERSION = YES;
				CLANG_WARN_NON_LITERAL_NULL_CONVERSION = YES;
				CLANG_WARN_OBJC_IMPLICIT_RETAIN_SELF = YES;
				CLANG_WARN_OBJC_LITERAL_CONVERSION = YES;
				CLANG_WARN_OBJC_ROOT_CLASS = YES_ERROR;
				CLANG_WARN_RANGE_LOOP_ANALYSIS = YES;
				CLANG_WARN_STRICT_PROTOTYPES = YES;
				CLANG_WARN_SUSPICIOUS_MOVE = YES;
				CLANG_WARN_UNGUARDED_AVAILABILITY = YES_AGGRESSIVE;
				CLANG_WARN_UNREACHABLE_CODE = YES;
				CLANG_WARN__DUPLICATE_METHOD_MATCH = YES;
				CODE_SIGN_IDENTITY = "iPhone Developer";
				COPY_PHASE_STRIP = NO;
				DEBUG_INFORMATION_FORMAT = dwarf;
				ENABLE_STRICT_OBJC_MSGSEND = YES;
				ENABLE_TESTABILITY = YES;
				GCC_C_LANGUAGE_STANDARD = gnu11;
				GCC_DYNAMIC_NO_PIC = NO;
				GCC_NO_COMMON_BLOCKS = YES;
				GCC_OPTIMIZATION_LEVEL = 0;
				GCC_PREPROCESSOR_DEFINITIONS = (
					"DEBUG=1",
					"$(inherited)",
				);
				GCC_WARN_64_TO_32_BIT_CONVERSION = YES;
				GCC_WARN_ABOUT_RETURN_TYPE = YES_ERROR;
				GCC_WARN_UNDECLARED_SELECTOR = YES;
				GCC_WARN_UNINITIALIZED_AUTOS = YES_AGGRESSIVE;
				GCC_WARN_UNUSED_FUNCTION = YES;
				GCC_WARN_UNUSED_VARIABLE = YES;
				IPHONEOS_DEPLOYMENT_TARGET = 12.1;
				MTL_ENABLE_DEBUG_INFO = INCLUDE_SOURCE;
				MTL_FAST_MATH = YES;
				ONLY_ACTIVE_ARCH = YES;
				SDKROOT = iphoneos;
				SWIFT_ACTIVE_COMPILATION_CONDITIONS = DEBUG;
				SWIFT_OPTIMIZATION_LEVEL = "-Onone";
			};
			name = Debug;
		};
		181B68ED22A2B112000C5950 /* Release */ = {
			isa = XCBuildConfiguration;
			buildSettings = {
				ALWAYS_SEARCH_USER_PATHS = NO;
				CLANG_ANALYZER_NONNULL = YES;
				CLANG_ANALYZER_NUMBER_OBJECT_CONVERSION = YES_AGGRESSIVE;
				CLANG_CXX_LANGUAGE_STANDARD = "gnu++14";
				CLANG_CXX_LIBRARY = "libc++";
				CLANG_ENABLE_MODULES = YES;
				CLANG_ENABLE_OBJC_ARC = YES;
				CLANG_ENABLE_OBJC_WEAK = YES;
				CLANG_WARN_BLOCK_CAPTURE_AUTORELEASING = YES;
				CLANG_WARN_BOOL_CONVERSION = YES;
				CLANG_WARN_COMMA = YES;
				CLANG_WARN_CONSTANT_CONVERSION = YES;
				CLANG_WARN_DEPRECATED_OBJC_IMPLEMENTATIONS = YES;
				CLANG_WARN_DIRECT_OBJC_ISA_USAGE = YES_ERROR;
				CLANG_WARN_DOCUMENTATION_COMMENTS = YES;
				CLANG_WARN_EMPTY_BODY = YES;
				CLANG_WARN_ENUM_CONVERSION = YES;
				CLANG_WARN_INFINITE_RECURSION = YES;
				CLANG_WARN_INT_CONVERSION = YES;
				CLANG_WARN_NON_LITERAL_NULL_CONVERSION = YES;
				CLANG_WARN_OBJC_IMPLICIT_RETAIN_SELF = YES;
				CLANG_WARN_OBJC_LITERAL_CONVERSION = YES;
				CLANG_WARN_OBJC_ROOT_CLASS = YES_ERROR;
				CLANG_WARN_RANGE_LOOP_ANALYSIS = YES;
				CLANG_WARN_STRICT_PROTOTYPES = YES;
				CLANG_WARN_SUSPICIOUS_MOVE = YES;
				CLANG_WARN_UNGUARDED_AVAILABILITY = YES_AGGRESSIVE;
				CLANG_WARN_UNREACHABLE_CODE = YES;
				CLANG_WARN__DUPLICATE_METHOD_MATCH = YES;
				CODE_SIGN_IDENTITY = "iPhone Developer";
				COPY_PHASE_STRIP = NO;
				DEBUG_INFORMATION_FORMAT = "dwarf-with-dsym";
				ENABLE_NS_ASSERTIONS = NO;
				ENABLE_STRICT_OBJC_MSGSEND = YES;
				GCC_C_LANGUAGE_STANDARD = gnu11;
				GCC_NO_COMMON_BLOCKS = YES;
				GCC_WARN_64_TO_32_BIT_CONVERSION = YES;
				GCC_WARN_ABOUT_RETURN_TYPE = YES_ERROR;
				GCC_WARN_UNDECLARED_SELECTOR = YES;
				GCC_WARN_UNINITIALIZED_AUTOS = YES_AGGRESSIVE;
				GCC_WARN_UNUSED_FUNCTION = YES;
				GCC_WARN_UNUSED_VARIABLE = YES;
				IPHONEOS_DEPLOYMENT_TARGET = 12.1;
				MTL_ENABLE_DEBUG_INFO = NO;
				MTL_FAST_MATH = YES;
				SDKROOT = iphoneos;
				SWIFT_COMPILATION_MODE = wholemodule;
				SWIFT_OPTIMIZATION_LEVEL = "-O";
				VALIDATE_PRODUCT = YES;
			};
			name = Release;
		};
		181B68EF22A2B112000C5950 /* Debug */ = {
			isa = XCBuildConfiguration;
			buildSettings = {
				ASSETCATALOG_COMPILER_APPICON_NAME = AppIcon;
				CODE_SIGN_STYLE = Automatic;
				INFOPLIST_FILE = EasyContact/Info.plist;
				IPHONEOS_DEPLOYMENT_TARGET = 11.0;
				LD_RUNPATH_SEARCH_PATHS = (
					"$(inherited)",
					"@executable_path/Frameworks",
				);
				PRODUCT_BUNDLE_IDENTIFIER = com.sample.EasyContact;
				PRODUCT_NAME = "$(TARGET_NAME)";
				SWIFT_VERSION = 4.2;
				TARGETED_DEVICE_FAMILY = "1,2";
			};
			name = Debug;
		};
		181B68F022A2B112000C5950 /* Release */ = {
			isa = XCBuildConfiguration;
			buildSettings = {
				ASSETCATALOG_COMPILER_APPICON_NAME = AppIcon;
				CODE_SIGN_STYLE = Automatic;
				INFOPLIST_FILE = EasyContact/Info.plist;
				IPHONEOS_DEPLOYMENT_TARGET = 11.0;
				LD_RUNPATH_SEARCH_PATHS = (
					"$(inherited)",
					"@executable_path/Frameworks",
				);
				PRODUCT_BUNDLE_IDENTIFIER = com.sample.EasyContact;
				PRODUCT_NAME = "$(TARGET_NAME)";
				SWIFT_VERSION = 4.2;
				TARGETED_DEVICE_FAMILY = "1,2";
			};
			name = Release;
		};
/* End XCBuildConfiguration section */

/* Begin XCConfigurationList section */
		181B68D722A2B102000C5950 /* Build configuration list for PBXProject "EasyContact" */ = {
			isa = XCConfigurationList;
			buildConfigurations = (
				181B68EC22A2B112000C5950 /* Debug */,
				181B68ED22A2B112000C5950 /* Release */,
			);
			defaultConfigurationIsVisible = 0;
			defaultConfigurationName = Release;
		};
		181B68EE22A2B112000C5950 /* Build configuration list for PBXNativeTarget "EasyContact" */ = {
			isa = XCConfigurationList;
			buildConfigurations = (
				181B68EF22A2B112000C5950 /* Debug */,
				181B68F022A2B112000C5950 /* Release */,
			);
			defaultConfigurationIsVisible = 0;
			defaultConfigurationName = Release;
		};
/* End XCConfigurationList section */
	};
	rootObject = 181B68D422A2B102000C5950 /* Project object */;
}
